// !$*UTF8*$!
{
	archiveVersion = 1;
	classes = {
	};
	objectVersion = 56;
	objects = {

/* Begin PBXBuildFile section */
		492F6EE12C309F0F00F25D7F /* main.swift in Sources */ = {isa = PBXBuildFile; fileRef = 492F6EE02C309F0F00F25D7F /* main.swift */; };
		492F6EE82C309F4000F25D7F /* Todo.swift in Sources */ = {isa = PBXBuildFile; fileRef = 492F6EE72C309F4000F25D7F /* Todo.swift */; };
		492F6EEA2C309F8E00F25D7F /* TodosManager.swift in Sources */ = {isa = PBXBuildFile; fileRef = 492F6EE92C309F8E00F25D7F /* TodosManager.swift */; };
		492F6EEC2C30A3CE00F25D7F /* TodosError.swift in Sources */ = {isa = PBXBuildFile; fileRef = 492F6EEB2C30A3CE00F25D7F /* TodosError.swift */; };
		492F6EEE2C30A5C700F25D7F /* Collection+Ext.swift in Sources */ = {isa = PBXBuildFile; fileRef = 492F6EED2C30A5C700F25D7F /* Collection+Ext.swift */; };
		492F6EF02C311CD100F25D7F /* Command.swift in Sources */ = {isa = PBXBuildFile; fileRef = 492F6EEF2C311CD100F25D7F /* Command.swift */; };
		492F6EF92C311DCD00F25D7F /* App.swift in Sources */ = {isa = PBXBuildFile; fileRef = 492F6EF82C311DCD00F25D7F /* App.swift */; };
/* End PBXBuildFile section */

/* Begin PBXCopyFilesBuildPhase section */
		492F6EDB2C309F0F00F25D7F /* CopyFiles */ = {
			isa = PBXCopyFilesBuildPhase;
			buildActionMask = 2147483647;
			dstPath = /usr/share/man/man1/;
			dstSubfolderSpec = 0;
			files = (
			);
			runOnlyForDeploymentPostprocessing = 1;
		};
/* End PBXCopyFilesBuildPhase section */

/* Begin PBXFileReference section */
		492F6EDD2C309F0F00F25D7F /* UdacityToDo */ = {isa = PBXFileReference; explicitFileType = "compiled.mach-o.executable"; includeInIndex = 0; path = UdacityToDo; sourceTree = BUILT_PRODUCTS_DIR; };
		492F6EE02C309F0F00F25D7F /* main.swift */ = {isa = PBXFileReference; lastKnownFileType = sourcecode.swift; path = main.swift; sourceTree = "<group>"; };
		492F6EE72C309F4000F25D7F /* Todo.swift */ = {isa = PBXFileReference; lastKnownFileType = sourcecode.swift; path = Todo.swift; sourceTree = "<group>"; };
		492F6EE92C309F8E00F25D7F /* TodosManager.swift */ = {isa = PBXFileReference; lastKnownFileType = sourcecode.swift; path = TodosManager.swift; sourceTree = "<group>"; };
		492F6EEB2C30A3CE00F25D7F /* TodosError.swift */ = {isa = PBXFileReference; lastKnownFileType = sourcecode.swift; path = TodosError.swift; sourceTree = "<group>"; };
		492F6EED2C30A5C700F25D7F /* Collection+Ext.swift */ = {isa = PBXFileReference; lastKnownFileType = sourcecode.swift; path = "Collection+Ext.swift"; sourceTree = "<group>"; };
		492F6EEF2C311CD100F25D7F /* Command.swift */ = {isa = PBXFileReference; lastKnownFileType = sourcecode.swift; path = Command.swift; sourceTree = "<group>"; };
		492F6EF82C311DCD00F25D7F /* App.swift */ = {isa = PBXFileReference; lastKnownFileType = sourcecode.swift; path = App.swift; sourceTree = "<group>"; };
/* End PBXFileReference section */

/* Begin PBXFrameworksBuildPhase section */
		492F6EDA2C309F0F00F25D7F /* Frameworks */ = {
			isa = PBXFrameworksBuildPhase;
			buildActionMask = 2147483647;
			files = (
			);
			runOnlyForDeploymentPostprocessing = 0;
		};
/* End PBXFrameworksBuildPhase section */

/* Begin PBXGroup section */
		492F6ED42C309F0F00F25D7F = {
			isa = PBXGroup;
			children = (
				492F6EDF2C309F0F00F25D7F /* UdacityToDo */,
				492F6EDE2C309F0F00F25D7F /* Products */,
			);
			sourceTree = "<group>";
		};
		492F6EDE2C309F0F00F25D7F /* Products */ = {
			isa = PBXGroup;
			children = (
				492F6EDD2C309F0F00F25D7F /* UdacityToDo */,
			);
			name = Products;
			sourceTree = "<group>";
		};
		492F6EDF2C309F0F00F25D7F /* UdacityToDo */ = {
			isa = PBXGroup;
			children = (
				492F6EF12C311CE400F25D7F /* Core */,
				492F6EF62C311D3000F25D7F /* Features */,
			);
			path = UdacityToDo;
			sourceTree = "<group>";
		};
		492F6EF12C311CE400F25D7F /* Core */ = {
			isa = PBXGroup;
			children = (
				492F6EF52C311D1F00F25D7F /* Errors */,
				492F6EF42C311D0700F25D7F /* Enums */,
				492F6EF32C311CFA00F25D7F /* Extenstions */,
				492F6EF22C311CF500F25D7F /* Models */,
			);
			path = Core;
			sourceTree = "<group>";
		};
		492F6EF22C311CF500F25D7F /* Models */ = {
			isa = PBXGroup;
			children = (
				492F6EE72C309F4000F25D7F /* Todo.swift */,
			);
			path = Models;
			sourceTree = "<group>";
		};
		492F6EF32C311CFA00F25D7F /* Extenstions */ = {
			isa = PBXGroup;
			children = (
				492F6EED2C30A5C700F25D7F /* Collection+Ext.swift */,
			);
			path = Extenstions;
			sourceTree = "<group>";
		};
		492F6EF42C311D0700F25D7F /* Enums */ = {
			isa = PBXGroup;
			children = (
				492F6EEF2C311CD100F25D7F /* Command.swift */,
			);
			path = Enums;
			sourceTree = "<group>";
		};
		492F6EF52C311D1F00F25D7F /* Errors */ = {
			isa = PBXGroup;
			children = (
				492F6EEB2C30A3CE00F25D7F /* TodosError.swift */,
			);
			path = Errors;
			sourceTree = "<group>";
		};
		492F6EF62C311D3000F25D7F /* Features */ = {
			isa = PBXGroup;
			children = (
				492F6EE02C309F0F00F25D7F /* main.swift */,
				492F6EF72C311D3D00F25D7F /* Todo */,
			);
			path = Features;
			sourceTree = "<group>";
		};
		492F6EF72C311D3D00F25D7F /* Todo */ = {
			isa = PBXGroup;
			children = (
				492F6EE92C309F8E00F25D7F /* TodosManager.swift */,
				492F6EF82C311DCD00F25D7F /* App.swift */,
			);
			path = Todo;
			sourceTree = "<group>";
		};
/* End PBXGroup section */

/* Begin PBXNativeTarget section */
		492F6EDC2C309F0F00F25D7F /* UdacityToDo */ = {
			isa = PBXNativeTarget;
			buildConfigurationList = 492F6EE42C309F0F00F25D7F /* Build configuration list for PBXNativeTarget "UdacityToDo" */;
			buildPhases = (
				492F6ED92C309F0F00F25D7F /* Sources */,
				492F6EDA2C309F0F00F25D7F /* Frameworks */,
				492F6EDB2C309F0F00F25D7F /* CopyFiles */,
			);
			buildRules = (
			);
			dependencies = (
			);
			name = UdacityToDo;
			productName = UdacityToDo;
			productReference = 492F6EDD2C309F0F00F25D7F /* UdacityToDo */;
			productType = "com.apple.product-type.tool";
		};
/* End PBXNativeTarget section */

/* Begin PBXProject section */
		492F6ED52C309F0F00F25D7F /* Project object */ = {
			isa = PBXProject;
			attributes = {
				BuildIndependentTargetsInParallel = 1;
				LastSwiftUpdateCheck = 1540;
				LastUpgradeCheck = 1540;
				TargetAttributes = {
					492F6EDC2C309F0F00F25D7F = {
						CreatedOnToolsVersion = 15.4;
					};
				};
			};
			buildConfigurationList = 492F6ED82C309F0F00F25D7F /* Build configuration list for PBXProject "UdacityToDo" */;
			compatibilityVersion = "Xcode 14.0";
			developmentRegion = en;
			hasScannedForEncodings = 0;
			knownRegions = (
				en,
				Base,
			);
			mainGroup = 492F6ED42C309F0F00F25D7F;
			productRefGroup = 492F6EDE2C309F0F00F25D7F /* Products */;
			projectDirPath = "";
			projectRoot = "";
			targets = (
				492F6EDC2C309F0F00F25D7F /* UdacityToDo */,
			);
		};
/* End PBXProject section */

/* Begin PBXSourcesBuildPhase section */
		492F6ED92C309F0F00F25D7F /* Sources */ = {
			isa = PBXSourcesBuildPhase;
			buildActionMask = 2147483647;
			files = (
				492F6EE12C309F0F00F25D7F /* main.swift in Sources */,
				492F6EEA2C309F8E00F25D7F /* TodosManager.swift in Sources */,
				492F6EEE2C30A5C700F25D7F /* Collection+Ext.swift in Sources */,
				492F6EEC2C30A3CE00F25D7F /* TodosError.swift in Sources */,
				492F6EE82C309F4000F25D7F /* Todo.swift in Sources */,
				492F6EF92C311DCD00F25D7F /* App.swift in Sources */,
				492F6EF02C311CD100F25D7F /* Command.swift in Sources */,
			);
			runOnlyForDeploymentPostprocessing = 0;
		};
/* End PBXSourcesBuildPhase section */

/* Begin XCBuildConfiguration section */
		492F6EE22C309F0F00F25D7F /* Debug */ = {
			isa = XCBuildConfiguration;
			buildSettings = {
				ALWAYS_SEARCH_USER_PATHS = NO;
				ASSETCATALOG_COMPILER_GENERATE_SWIFT_ASSET_SYMBOL_EXTENSIONS = YES;
				CLANG_ANALYZER_NONNULL = YES;
				CLANG_ANALYZER_NUMBER_OBJECT_CONVERSION = YES_AGGRESSIVE;
				CLANG_CXX_LANGUAGE_STANDARD = "gnu++20";
				CLANG_ENABLE_MODULES = YES;
				CLANG_ENABLE_OBJC_ARC = YES;
				CLANG_ENABLE_OBJC_WEAK = YES;
				CLANG_WARN_BLOCK_CAPTURE_AUTORELEASING = YES;
				CLANG_WARN_BOOL_CONVERSION = YES;
				CLANG_WARN_COMMA = YES;
				CLANG_WARN_CONSTANT_CONVERSION = YES;
				CLANG_WARN_DEPRECATED_OBJC_IMPLEMENTATIONS = YES;
				CLANG_WARN_DIRECT_OBJC_ISA_USAGE = YES_ERROR;
				CLANG_WARN_DOCUMENTATION_COMMENTS = YES;
				CLANG_WARN_EMPTY_BODY = YES;
				CLANG_WARN_ENUM_CONVERSION = YES;
				CLANG_WARN_INFINITE_RECURSION = YES;
				CLANG_WARN_INT_CONVERSION = YES;
				CLANG_WARN_NON_LITERAL_NULL_CONVERSION = YES;
				CLANG_WARN_OBJC_IMPLICIT_RETAIN_SELF = YES;
				CLANG_WARN_OBJC_LITERAL_CONVERSION = YES;
				CLANG_WARN_OBJC_ROOT_CLASS = YES_ERROR;
				CLANG_WARN_QUOTED_INCLUDE_IN_FRAMEWORK_HEADER = YES;
				CLANG_WARN_RANGE_LOOP_ANALYSIS = YES;
				CLANG_WARN_STRICT_PROTOTYPES = YES;
				CLANG_WARN_SUSPICIOUS_MOVE = YES;
				CLANG_WARN_UNGUARDED_AVAILABILITY = YES_AGGRESSIVE;
				CLANG_WARN_UNREACHABLE_CODE = YES;
				CLANG_WARN__DUPLICATE_METHOD_MATCH = YES;
				COPY_PHASE_STRIP = NO;
				DEBUG_INFORMATION_FORMAT = dwarf;
				ENABLE_STRICT_OBJC_MSGSEND = YES;
				ENABLE_TESTABILITY = YES;
				ENABLE_USER_SCRIPT_SANDBOXING = YES;
				GCC_C_LANGUAGE_STANDARD = gnu17;
				GCC_DYNAMIC_NO_PIC = NO;
				GCC_NO_COMMON_BLOCKS = YES;
				GCC_OPTIMIZATION_LEVEL = 0;
				GCC_PREPROCESSOR_DEFINITIONS = (
					"DEBUG=1",
					"$(inherited)",
				);
				GCC_WARN_64_TO_32_BIT_CONVERSION = YES;
				GCC_WARN_ABOUT_RETURN_TYPE = YES_ERROR;
				GCC_WARN_UNDECLARED_SELECTOR = YES;
				GCC_WARN_UNINITIALIZED_AUTOS = YES_AGGRESSIVE;
				GCC_WARN_UNUSED_FUNCTION = YES;
				GCC_WARN_UNUSED_VARIABLE = YES;
				LOCALIZATION_PREFERS_STRING_CATALOGS = YES;
				MACOSX_DEPLOYMENT_TARGET = 14.5;
				MTL_ENABLE_DEBUG_INFO = INCLUDE_SOURCE;
				MTL_FAST_MATH = YES;
				ONLY_ACTIVE_ARCH = YES;
				SDKROOT = macosx;
				SWIFT_ACTIVE_COMPILATION_CONDITIONS = "DEBUG $(inherited)";
				SWIFT_OPTIMIZATION_LEVEL = "-Onone";
			};
			name = Debug;
		};
		492F6EE32C309F0F00F25D7F /* Release */ = {
			isa = XCBuildConfiguration;
			buildSettings = {
				ALWAYS_SEARCH_USER_PATHS = NO;
				ASSETCATALOG_COMPILER_GENERATE_SWIFT_ASSET_SYMBOL_EXTENSIONS = YES;
				CLANG_ANALYZER_NONNULL = YES;
				CLANG_ANALYZER_NUMBER_OBJECT_CONVERSION = YES_AGGRESSIVE;
				CLANG_CXX_LANGUAGE_STANDARD = "gnu++20";
				CLANG_ENABLE_MODULES = YES;
				CLANG_ENABLE_OBJC_ARC = YES;
				CLANG_ENABLE_OBJC_WEAK = YES;
				CLANG_WARN_BLOCK_CAPTURE_AUTORELEASING = YES;
				CLANG_WARN_BOOL_CONVERSION = YES;
				CLANG_WARN_COMMA = YES;
				CLANG_WARN_CONSTANT_CONVERSION = YES;
				CLANG_WARN_DEPRECATED_OBJC_IMPLEMENTATIONS = YES;
				CLANG_WARN_DIRECT_OBJC_ISA_USAGE = YES_ERROR;
				CLANG_WARN_DOCUMENTATION_COMMENTS = YES;
				CLANG_WARN_EMPTY_BODY = YES;
				CLANG_WARN_ENUM_CONVERSION = YES;
				CLANG_WARN_INFINITE_RECURSION = YES;
				CLANG_WARN_INT_CONVERSION = YES;
				CLANG_WARN_NON_LITERAL_NULL_CONVERSION = YES;
				CLANG_WARN_OBJC_IMPLICIT_RETAIN_SELF = YES;
				CLANG_WARN_OBJC_LITERAL_CONVERSION = YES;
				CLANG_WARN_OBJC_ROOT_CLASS = YES_ERROR;
				CLANG_WARN_QUOTED_INCLUDE_IN_FRAMEWORK_HEADER = YES;
				CLANG_WARN_RANGE_LOOP_ANALYSIS = YES;
				CLANG_WARN_STRICT_PROTOTYPES = YES;
				CLANG_WARN_SUSPICIOUS_MOVE = YES;
				CLANG_WARN_UNGUARDED_AVAILABILITY = YES_AGGRESSIVE;
				CLANG_WARN_UNREACHABLE_CODE = YES;
				CLANG_WARN__DUPLICATE_METHOD_MATCH = YES;
				COPY_PHASE_STRIP = NO;
				DEBUG_INFORMATION_FORMAT = "dwarf-with-dsym";
				ENABLE_NS_ASSERTIONS = NO;
				ENABLE_STRICT_OBJC_MSGSEND = YES;
				ENABLE_USER_SCRIPT_SANDBOXING = YES;
				GCC_C_LANGUAGE_STANDARD = gnu17;
				GCC_NO_COMMON_BLOCKS = YES;
				GCC_WARN_64_TO_32_BIT_CONVERSION = YES;
				GCC_WARN_ABOUT_RETURN_TYPE = YES_ERROR;
				GCC_WARN_UNDECLARED_SELECTOR = YES;
				GCC_WARN_UNINITIALIZED_AUTOS = YES_AGGRESSIVE;
				GCC_WARN_UNUSED_FUNCTION = YES;
				GCC_WARN_UNUSED_VARIABLE = YES;
				LOCALIZATION_PREFERS_STRING_CATALOGS = YES;
				MACOSX_DEPLOYMENT_TARGET = 14.5;
				MTL_ENABLE_DEBUG_INFO = NO;
				MTL_FAST_MATH = YES;
				SDKROOT = macosx;
				SWIFT_COMPILATION_MODE = wholemodule;
			};
			name = Release;
		};
		492F6EE52C309F0F00F25D7F /* Debug */ = {
			isa = XCBuildConfiguration;
			buildSettings = {
				CODE_SIGN_STYLE = Automatic;
				DEVELOPMENT_TEAM = HTV9CGSATH;
				ENABLE_HARDENED_RUNTIME = YES;
				PRODUCT_NAME = "$(TARGET_NAME)";
				SWIFT_VERSION = 5.0;
			};
			name = Debug;
		};
		492F6EE62C309F0F00F25D7F /* Release */ = {
			isa = XCBuildConfiguration;
			buildSettings = {
				CODE_SIGN_STYLE = Automatic;
				DEVELOPMENT_TEAM = HTV9CGSATH;
				ENABLE_HARDENED_RUNTIME = YES;
				PRODUCT_NAME = "$(TARGET_NAME)";
				SWIFT_VERSION = 5.0;
			};
			name = Release;
		};
/* End XCBuildConfiguration section */

/* Begin XCConfigurationList section */
		492F6ED82C309F0F00F25D7F /* Build configuration list for PBXProject "UdacityToDo" */ = {
			isa = XCConfigurationList;
			buildConfigurations = (
				492F6EE22C309F0F00F25D7F /* Debug */,
				492F6EE32C309F0F00F25D7F /* Release */,
			);
			defaultConfigurationIsVisible = 0;
			defaultConfigurationName = Release;
		};
		492F6EE42C309F0F00F25D7F /* Build configuration list for PBXNativeTarget "UdacityToDo" */ = {
			isa = XCConfigurationList;
			buildConfigurations = (
				492F6EE52C309F0F00F25D7F /* Debug */,
				492F6EE62C309F0F00F25D7F /* Release */,
			);
			defaultConfigurationIsVisible = 0;
			defaultConfigurationName = Release;
		};
/* End XCConfigurationList section */
	};
	rootObject = 492F6ED52C309F0F00F25D7F /* Project object */;
}
